{
  "originHash" : "c88f29a849b369165893f4aeff5dd5762414dcc1511e1e81ff6232d07967ebb4",
  "pins" : [
    {
      "identity" : "im-rtc-ios",
      "kind" : "remoteSourceControl",
      "location" : "https://github.com/BLiYing/im-rtc-ios.git",
      "state" : {
        "revision" : "bfb8e3242502cb1f3606acd8b77fd5fcaa153750",
        "version" : "2.2.1"
      }
    }
  ],
  "version" : 3
}
