{
  "originHash" : "c88f29a849b369165893f4aeff5dd5762414dcc1511e1e81ff6232d07967ebb4",
  "pins" : [
    {
      "identity" : "im-rtc-ios",
      "kind" : "remoteSourceControl",
      "location" : "https://github.com/BLiYing/im-rtc-ios.git",
      "state" : {
        "revision" : "b2f9ffc2b6bfb92f51d8634834ee2159134980f3",
        "version" : "2.1.0"
      }
    }
  ],
  "version" : 3
}
