{
  "originHash" : "c88f29a849b369165893f4aeff5dd5762414dcc1511e1e81ff6232d07967ebb4",
  "pins" : [
    {
      "identity" : "im-rtc-ios",
      "kind" : "remoteSourceControl",
      "location" : "https://github.com/BLiYing/im-rtc-ios.git",
      "state" : {
        "branch" : "main",
        "revision" : "df2cb7a1c8bd5efd24283113175bd183447cdfda"
      }
    },
    {
      "identity" : "webrtc",
      "kind" : "remoteSourceControl",
      "location" : "https://github.com/stasel/WebRTC.git",
      "state" : {
        "revision" : "1d04692697cb642bfebf6ad2dd99fe52649c3d6d",
        "version" : "152.0.0"
      }
    }
  ],
  "version" : 3
}
